version = 1
revision = 1
requires-python = ">=3.13"

[[package]]
name = "fire"
version = "0.7.0"
source = { registry = "https://pypi.org/simple" }
dependencies = [
    { name = "termcolor" },
]
sdist = { url = "https://files.pythonhosted.org/packages/6b/b6/82c7e601d6d3c3278c40b7bd35e17e82aa227f050aa9f66cb7b7fce29471/fire-0.7.0.tar.gz", hash = "sha256:961550f07936eaf65ad1dc8360f2b2bf8408fad46abbfa4d2a3794f8d2a95cdf", size = 87189 }

[[package]]
name = "pensami-ciclabile-github-io"
version = "0.1.0"
source = { virtual = "." }
dependencies = [
    { name = "fire" },
    { name = "pillow" },
]

[package.metadata]
requires-dist = [
    { name = "fire", specifier = ">=0.7.0" },
    { name = "pillow", specifier = ">=11.2.0" },
]

[[package]]
name = "pillow"
version = "11.2.0"
source = { registry = "https://pypi.org/simple" }
wheels = [
    { url = "https://files.pythonhosted.org/packages/96/36/04fcdfbd2969480e83006da7c111eb1387e0920434fdfb1b40bdff79c2eb/pillow-11.2.0-cp313-cp313-macosx_10_13_x86_64.whl", hash = "sha256:0b46b5ee8443213da50b08caa1b2f7c407233873f6153c6fcf558fab57ac658b", size = 11417676 },
    { url = "https://files.pythonhosted.org/packages/3d/99/12b26ba105f6abf85186831cf76ae1cd75c35d98cfb87c75614e3f049119/pillow-11.2.0-cp313-cp313-macosx_11_0_arm64.whl", hash = "sha256:70daf0b69bc9017796cb74a38a597a34e311e4e3e5254d7e4aa42aab3d1d3eac", size = 8922706 },
    { url = "https://files.pythonhosted.org/packages/77/e8/a160d7a7a7e16a5c76a713538e99b748de6596ed77506c42d2f8d26b7cd3/pillow-11.2.0-cp313-cp313-manylinux_2_17_aarch64.manylinux2014_aarch64.whl", hash = "sha256:00f8830ac57dc38bfacfb8bb1b7987da7ccbf99131dae0e826bfbaa2c8dfc990", size = 17089927 },
    { url = "https://files.pythonhosted.org/packages/84/7d/cc2ee517c7b379b78e4ede359c8ef52bde35e977fb316c3b0b41aaab7f5a/pillow-11.2.0-cp313-cp313-manylinux_2_17_x86_64.manylinux2014_x86_64.whl", hash = "sha256:597b629e4d135ebb904f58d0b3328c58dba3ac7bd1f9585e0dddcb250d3f955c", size = 18934553 },
    { url = "https://files.pythonhosted.org/packages/a6/bf/ad1ce340d20e9a7a80e67f74d9b58bf6192a42564d4a3178513774183581/pillow-11.2.0-cp313-cp313-manylinux_2_28_aarch64.whl", hash = "sha256:106fce029c62ddfed767e4f8cc3396e90ba45320d87df58bf83a73fdbe73f09b", size = 17624994 },
    { url = "https://files.pythonhosted.org/packages/b4/d8/20a183f52b2703afb1243aa1cb80b3bbcfe32f75507615ca93889de24e71/pillow-11.2.0-cp313-cp313-manylinux_2_28_x86_64.whl", hash = "sha256:676461578f605c8e56ea108c371632e4bf40697996d80b5899c592043432e5f1", size = 19629070 },
    { url = "https://files.pythonhosted.org/packages/67/f8/533090a933cebffaa8c80c883748be029fdf604e87e5e54c9cc0d10a1c3f/pillow-11.2.0-cp313-cp313-musllinux_1_2_aarch64.whl", hash = "sha256:0f19332b8de08305db8e003272ba86f5a65231b848a44ceef2e9593101637208", size = 18038064 },
    { url = "https://files.pythonhosted.org/packages/3e/16/927e75ec70a940f8982ab457f8da3f244ff48081bf1e20bc99dd53a9f072/pillow-11.2.0-cp313-cp313-musllinux_1_2_x86_64.whl", hash = "sha256:fe61cadf4f0449de64fb6911bca381f1a4c1f04cce3027a0d12ebaba626f97cd", size = 19807725 },
    { url = "https://files.pythonhosted.org/packages/57/51/61e667252e9d9ea08d28f44b122fd625d5392b6897f35287acc10f2b117b/pillow-11.2.0-cp313-cp313-win32.whl", hash = "sha256:25e533264bec3ca5dc6e1587810dce1c2dda0b9d63ed4e27fa72092cb351cd55", size = 2332160 },
    { url = "https://files.pythonhosted.org/packages/e1/c2/1b4b80569fc8d8ce96fe536990c05ddff463220b24a2b15cb1a0f1ede740/pillow-11.2.0-cp313-cp313-win_amd64.whl", hash = "sha256:9565b70771a38b096b0f78d830be5338ca9a0b810ea6cbfab54c64f0266f9c72", size = 13807002 },
    { url = "https://files.pythonhosted.org/packages/77/4a/887e419baa6ca3f7b1a783d0d63a6c619eb397104251e48fd68bb08c585f/pillow-11.2.0-cp313-cp313-win_arm64.whl", hash = "sha256:6fa29d8fcaf8a830ced88f390baffe32ae1ba41873a3f6c8946213d067db7ae0", size = 2414656 },
    { url = "https://files.pythonhosted.org/packages/96/27/2b8e9214a5823dacb3449f7eae04b90357573c0f874bf845cc342dacd0df/pillow-11.2.0-cp313-cp313t-macosx_10_13_x86_64.whl", hash = "sha256:07cd635650ddd10be04148e7f2e895afa240d0ea5e810cd10f650adba13f5f93", size = 11420605 },
    { url = "https://files.pythonhosted.org/packages/85/ff/e659ec2ac852204af59c3acd3bf934fd90288d46f26cbab5fe3b8d52f0dc/pillow-11.2.0-cp313-cp313t-macosx_11_0_arm64.whl", hash = "sha256:b653372f6b3a7df74cd52abc8c400670ab08dd4473317508ed45668e87df0284", size = 8926094 },
    { url = "https://files.pythonhosted.org/packages/54/5f/69a1f4c324ec2129d72cd8d993b38751247ebf64d0f4bab1eb102469c891/pillow-11.2.0-cp313-cp313t-manylinux_2_17_aarch64.manylinux2014_aarch64.whl", hash = "sha256:63e0395313bc32de78309e24a298dc4986f8a93fc917032412f510a272ee9f25", size = 17130485 },
    { url = "https://files.pythonhosted.org/packages/f2/e3/5a068cd8b36a947657eef37f95a7c30fc3fa25c5bd37d0636ae8e3ce0cf2/pillow-11.2.0-cp313-cp313t-manylinux_2_17_x86_64.manylinux2014_x86_64.whl", hash = "sha256:47dcb3289613e256c2419242f6d92b1c9ce28368bd337f6a0cf50cddfb8cc69a", size = 18967506 },
    { url = "https://files.pythonhosted.org/packages/5e/b0/ee2756e831b2e748de9d842c955515ac1c2f3eb2a0f459f900aed392e278/pillow-11.2.0-cp313-cp313t-manylinux_2_28_aarch64.whl", hash = "sha256:a32b243b37c060884bd04f6bb709a22d86ec05662374076e6a35c07ac0361477", size = 17659106 },
    { url = "https://files.pythonhosted.org/packages/84/62/a3c8363ddf75d30a092b298be4d31adaabdf37e29ef9cb7d66b044925605/pillow-11.2.0-cp313-cp313t-manylinux_2_28_x86_64.whl", hash = "sha256:4122bb11e4d238ed28ecff24863c620aac22732bc102ab9550e99f6fd6eaf869", size = 19656789 },
    { url = "https://files.pythonhosted.org/packages/6f/d1/bed738848132ddd1ca190044003adc73c2ae29542934dba2fa78a7a840ea/pillow-11.2.0-cp313-cp313t-musllinux_1_2_aarch64.whl", hash = "sha256:be7a73fb992a9cb8e4362220037ea10d3eb52d0804220ca98de4f7d24c1f36c9", size = 18069453 },
    { url = "https://files.pythonhosted.org/packages/52/88/435ac4b0014631a06766f01a6b9d3c912d8340185787451e12b9e20966b3/pillow-11.2.0-cp313-cp313t-musllinux_1_2_x86_64.whl", hash = "sha256:0d3408815fc6ab70283916e0b058e7a4bbacdd7b5bb71ef81a9a507df4580b9a", size = 19834284 },
    { url = "https://files.pythonhosted.org/packages/9d/92/6b497fefb3d976560af2fb935546428bd3bd159ec51c3e0ab7085dd51865/pillow-11.2.0-cp313-cp313t-win32.whl", hash = "sha256:491e11b37e322fc6e80b485f99203e6c4ed69ea170eb6d25e9cb9eb0b92db7e5", size = 2335712 },
    { url = "https://files.pythonhosted.org/packages/78/aa/b26ac0fa7e7445a80c19f1141999236cbcdd7b2fccf13e086610165891fa/pillow-11.2.0-cp313-cp313t-win_amd64.whl", hash = "sha256:4202372ccb549a3f12de2cebbafa82b0a3d8e2cb5569fa4b698e7da6b6521687", size = 13812562 },
    { url = "https://files.pythonhosted.org/packages/f4/77/5db48884e61bd14398a8a3d9e4c254e1e1714aff58bdabe1275f393daef9/pillow-11.2.0-cp313-cp313t-win_arm64.whl", hash = "sha256:a9cd300d223efadd1e540521bae1fcdab406ef6c5f2ca6e46370f5671b607f26", size = 2416602 },
]

[[package]]
name = "termcolor"
version = "3.0.0"
source = { registry = "https://pypi.org/simple" }
sdist = { url = "https://files.pythonhosted.org/packages/17/b3/b30506dc4297bb12e209ce455ae53c95f78470b442ae8ef83535cb9493e6/termcolor-3.0.0.tar.gz", hash = "sha256:0cd855c8716383f152ad02bbb39841d6e4694538ff5d424088e56c8b81fde525", size = 12916 }
wheels = [
    { url = "https://files.pythonhosted.org/packages/f6/38/a85380919a38f24b6f2b9b05b7b6970962351ef8d12d32bfbc34ab05380b/termcolor-3.0.0-py3-none-any.whl", hash = "sha256:fdfdc9f2bdb71c69fbbbaeb7ceae3afef0461076dd2ee265bf7b7c49ddb05ebb", size = 6290 },
]
